
Microsoft Visual Studio Solution File, Format Version 12.00
# Visual Studio Version 17
VisualStudioVersion = 17.3.32922.545
MinimumVisualStudioVersion = 10.0.40219.1
Project("{FAE04EC0-301F-11D3-BF4B-00C04F79EFBC}") = "LeaveManagementWeb", "LeaveManagementWeb\LeaveManagementWeb.csproj", "{18987CEF-1259-49D3-9B98-C13ED6F27849}"
EndProject
Global
	GlobalSection(SolutionConfigurationPlatforms) = preSolution
		Debug|Any CPU = Debug|Any CPU
		Release|Any CPU = Release|Any CPU
	EndGlobalSection
	GlobalSection(ProjectConfigurationPlatforms) = postSolution
		{18987CEF-1259-49D3-9B98-C13ED6F27849}.Debug|Any CPU.ActiveCfg = Debug|Any CPU
		{18987CEF-1259-49D3-9B98-C13ED6F27849}.Debug|Any CPU.Build.0 = Debug|Any CPU
		{18987CEF-1259-49D3-9B98-C13ED6F27849}.Release|Any CPU.ActiveCfg = Release|Any CPU
		{18987CEF-1259-49D3-9B98-C13ED6F27849}.Release|Any CPU.Build.0 = Release|Any CPU
	EndGlobalSection
	GlobalSection(SolutionProperties) = preSolution
		HideSolutionNode = FALSE
	EndGlobalSection
	GlobalSection(ExtensibilityGlobals) = postSolution
		SolutionGuid = {419C4A76-6C91-4F8B-A798-A72A6A7FA337}
	EndGlobalSection
EndGlobal
